
Microsoft Visual Studio Solution File, Format Version 12.00
# Visual Studio Version 17
VisualStudioVersion = 17.7.34003.232
MinimumVisualStudioVersion = 10.0.40219.1
Project("{9A19103F-16F7-4668-BE54-9A1E7A4F7556}") = "Perceptor.Client.Lib", "src\Perceptor.Client.Lib\Perceptor.Client.Lib.csproj", "{6D1FD8FD-C53A-4471-8297-336CD0EB4192}"
EndProject
Project("{2150E333-8FDC-42A3-9474-1A3956D46DE8}") = "src", "src", "{2163B0E6-3104-4C92-ACF4-7D937B1C3E2B}"
EndProject
Project("{2150E333-8FDC-42A3-9474-1A3956D46DE8}") = "test", "test", "{1E3B9A5F-67C0-4BDF-8F44-FC9B66D52CD0}"
EndProject
Project("{2150E333-8FDC-42A3-9474-1A3956D46DE8}") = "unit", "unit", "{479B64F9-E48A-4186-887B-9D63FB03DF24}"
EndProject
Project("{9A19103F-16F7-4668-BE54-9A1E7A4F7556}") = "Perceptor.Client.Lib.Test", "test\unit\Perceptor.Client.Lib.Test\Perceptor.Client.Lib.Test.csproj", "{B9C2A486-DC34-415E-A286-EA44861A70C3}"
EndProject
Project("{2150E333-8FDC-42A3-9474-1A3956D46DE8}") = "Solution Items", "Solution Items", "{C0D7F2A1-B6C4-4222-847A-12AF62E4D440}"
	ProjectSection(SolutionItems) = preProject
		README.md = README.md
		LICENSE = LICENSE
		.editorconfig = .editorconfig
	EndProjectSection
EndProject
Project("{FAE04EC0-301F-11D3-BF4B-00C04F79EFBC}") = "Perceptor.Client.Lib.DotNetFrmwk.Test", "test\unit\Perceptor.Client.Lib.DotNetFrmwk.Test\Perceptor.Client.Lib.DotNetFrmwk.Test.csproj", "{C96B4C8F-C6A3-4FF5-ACEA-452C8772D1A8}"
EndProject
Project("{2150E333-8FDC-42A3-9474-1A3956D46DE8}") = ".github", ".github", "{CC869D84-2B0F-4725-9975-2CBA37C20DA5}"
EndProject
Project("{2150E333-8FDC-42A3-9474-1A3956D46DE8}") = "workflows", "workflows", "{FF6779EC-6419-4E40-BF5B-352A60F0FBF9}"
	ProjectSection(SolutionItems) = preProject
		.github\workflows\build_and_test.yml = .github\workflows\build_and_test.yml
		.github\workflows\release.yml = .github\workflows\release.yml
	EndProjectSection
EndProject
Global
	GlobalSection(SolutionConfigurationPlatforms) = preSolution
		Debug|Any CPU = Debug|Any CPU
		Release|Any CPU = Release|Any CPU
	EndGlobalSection
	GlobalSection(ProjectConfigurationPlatforms) = postSolution
		{6D1FD8FD-C53A-4471-8297-336CD0EB4192}.Debug|Any CPU.ActiveCfg = Debug|Any CPU
		{6D1FD8FD-C53A-4471-8297-336CD0EB4192}.Debug|Any CPU.Build.0 = Debug|Any CPU
		{6D1FD8FD-C53A-4471-8297-336CD0EB4192}.Release|Any CPU.ActiveCfg = Release|Any CPU
		{6D1FD8FD-C53A-4471-8297-336CD0EB4192}.Release|Any CPU.Build.0 = Release|Any CPU
		{6D1FD8FD-C53A-4471-8297-336CD0EB4192}.Release|Any CPU.Deploy.0 = Release|Any CPU
		{B9C2A486-DC34-415E-A286-EA44861A70C3}.Debug|Any CPU.ActiveCfg = Debug|Any CPU
		{B9C2A486-DC34-415E-A286-EA44861A70C3}.Debug|Any CPU.Build.0 = Debug|Any CPU
		{B9C2A486-DC34-415E-A286-EA44861A70C3}.Release|Any CPU.ActiveCfg = Release|Any CPU
		{B9C2A486-DC34-415E-A286-EA44861A70C3}.Release|Any CPU.Build.0 = Release|Any CPU
		{C96B4C8F-C6A3-4FF5-ACEA-452C8772D1A8}.Release|Any CPU.ActiveCfg = Release|Any CPU
		{C96B4C8F-C6A3-4FF5-ACEA-452C8772D1A8}.Debug|Any CPU.ActiveCfg = Debug|Any CPU
		{C96B4C8F-C6A3-4FF5-ACEA-452C8772D1A8}.Debug|Any CPU.Build.0 = Debug|Any CPU
	EndGlobalSection
	GlobalSection(SolutionProperties) = preSolution
		HideSolutionNode = FALSE
	EndGlobalSection
	GlobalSection(NestedProjects) = preSolution
		{6D1FD8FD-C53A-4471-8297-336CD0EB4192} = {2163B0E6-3104-4C92-ACF4-7D937B1C3E2B}
		{479B64F9-E48A-4186-887B-9D63FB03DF24} = {1E3B9A5F-67C0-4BDF-8F44-FC9B66D52CD0}
		{B9C2A486-DC34-415E-A286-EA44861A70C3} = {479B64F9-E48A-4186-887B-9D63FB03DF24}
		{C96B4C8F-C6A3-4FF5-ACEA-452C8772D1A8} = {479B64F9-E48A-4186-887B-9D63FB03DF24}
		{CC869D84-2B0F-4725-9975-2CBA37C20DA5} = {C0D7F2A1-B6C4-4222-847A-12AF62E4D440}
		{FF6779EC-6419-4E40-BF5B-352A60F0FBF9} = {CC869D84-2B0F-4725-9975-2CBA37C20DA5}
	EndGlobalSection
	GlobalSection(ExtensibilityGlobals) = postSolution
		SolutionGuid = {050A8B77-54F8-410F-9239-C98FBB019FC9}
	EndGlobalSection
EndGlobal
